// !$*UTF8*$!
{
	archiveVersion = 1;
	classes = {
	};
	objectVersion = 46;
	objects = {

/* Begin PBXBuildFile section */
		271DA31C1901953B00E81154 /* MMXResultsViewController.m in Sources */ = {isa = PBXBuildFile; fileRef = 271DA31B1901953B00E81154 /* MMXResultsViewController.m */; };
		271DA31D1901953B00E81154 /* MMXResultsViewController.m in Sources */ = {isa = PBXBuildFile; fileRef = 271DA31B1901953B00E81154 /* MMXResultsViewController.m */; };
		273592A21888AA5C0063C5CD /* MMXPracticeMenuAlphaViewController.m in Sources */ = {isa = PBXBuildFile; fileRef = 273592A11888AA5C0063C5CD /* MMXPracticeMenuAlphaViewController.m */; };
		273592A31888AA5C0063C5CD /* MMXPracticeMenuAlphaViewController.m in Sources */ = {isa = PBXBuildFile; fileRef = 273592A11888AA5C0063C5CD /* MMXPracticeMenuAlphaViewController.m */; };
		275500A818AB0DC2008B4DB4 /* MMXCard.m in Sources */ = {isa = PBXBuildFile; fileRef = 275500A418AB0DC2008B4DB4 /* MMXCard.m */; };
		275500A918AB0DC2008B4DB4 /* MMXCard.m in Sources */ = {isa = PBXBuildFile; fileRef = 275500A418AB0DC2008B4DB4 /* MMXCard.m */; };
		275500AA18AB0DC2008B4DB4 /* MMXCardViewController.m in Sources */ = {isa = PBXBuildFile; fileRef = 275500A618AB0DC2008B4DB4 /* MMXCardViewController.m */; };
		275500AB18AB0DC2008B4DB4 /* MMXCardViewController.m in Sources */ = {isa = PBXBuildFile; fileRef = 275500A618AB0DC2008B4DB4 /* MMXCardViewController.m */; };
		275500AC18AB0DC2008B4DB4 /* MMXCardViewController~ipad.xib in Resources */ = {isa = PBXBuildFile; fileRef = 275500A718AB0DC2008B4DB4 /* MMXCardViewController~ipad.xib */; };
		275500AD18AB0DC2008B4DB4 /* MMXCardViewController~ipad.xib in Resources */ = {isa = PBXBuildFile; fileRef = 275500A718AB0DC2008B4DB4 /* MMXCardViewController~ipad.xib */; };
		275500AF18AED9B9008B4DB4 /* MMXCardViewController~iphone.xib in Resources */ = {isa = PBXBuildFile; fileRef = 275500AE18AED9B9008B4DB4 /* MMXCardViewController~iphone.xib */; };
		275500B018AED9B9008B4DB4 /* MMXCardViewController~iphone.xib in Resources */ = {isa = PBXBuildFile; fileRef = 275500AE18AED9B9008B4DB4 /* MMXCardViewController~iphone.xib */; };
		277A1F20192268BC00E09050 /* MMXAudioManager.m in Sources */ = {isa = PBXBuildFile; fileRef = 277A1F1F192268BC00E09050 /* MMXAudioManager.m */; };
		277A1F21192268BC00E09050 /* MMXAudioManager.m in Sources */ = {isa = PBXBuildFile; fileRef = 277A1F1F192268BC00E09050 /* MMXAudioManager.m */; };
		277A1F26192289CB00E09050 /* button-44.caf in Resources */ = {isa = PBXBuildFile; fileRef = 277A1F25192289CB00E09050 /* button-44.caf */; };
		277A1F27192289CB00E09050 /* button-44.caf in Resources */ = {isa = PBXBuildFile; fileRef = 277A1F25192289CB00E09050 /* button-44.caf */; };
		277A1F2919229B4F00E09050 /* destination-01.caf in Resources */ = {isa = PBXBuildFile; fileRef = 277A1F2819229B4F00E09050 /* destination-01.caf */; };
		277A1F2A19229B4F00E09050 /* destination-01.caf in Resources */ = {isa = PBXBuildFile; fileRef = 277A1F2819229B4F00E09050 /* destination-01.caf */; };
		279EC21718884A890087E0DB /* InfoPlist.strings in Resources */ = {isa = PBXBuildFile; fileRef = 279EC21518884A890087E0DB /* InfoPlist.strings */; };
		279EC21918884A890087E0DB /* main.m in Sources */ = {isa = PBXBuildFile; fileRef = 279EC21818884A890087E0DB /* main.m */; };
		279EC21D18884A890087E0DB /* MMXAppDelegate.m in Sources */ = {isa = PBXBuildFile; fileRef = 279EC21C18884A890087E0DB /* MMXAppDelegate.m */; };
		279EC22018884A890087E0DB /* Main_iPhone.storyboard in Resources */ = {isa = PBXBuildFile; fileRef = 279EC21E18884A890087E0DB /* Main_iPhone.storyboard */; };
		279EC22318884A890087E0DB /* Main_iPad.storyboard in Resources */ = {isa = PBXBuildFile; fileRef = 279EC22118884A890087E0DB /* Main_iPad.storyboard */; };
		279EC22618884A890087E0DB /* MathMatch.xcdatamodeld in Sources */ = {isa = PBXBuildFile; fileRef = 279EC22418884A890087E0DB /* MathMatch.xcdatamodeld */; };
		279EC22918884A890087E0DB /* CLXMasterViewController.m in Sources */ = {isa = PBXBuildFile; fileRef = 279EC22818884A890087E0DB /* CLXMasterViewController.m */; };
		279EC22C18884A890087E0DB /* CLXDetailViewController.m in Sources */ = {isa = PBXBuildFile; fileRef = 279EC22B18884A890087E0DB /* CLXDetailViewController.m */; };
		279EC22E18884A890087E0DB /* Images.xcassets in Resources */ = {isa = PBXBuildFile; fileRef = 279EC22D18884A890087E0DB /* Images.xcassets */; };
		279EC24018884A890087E0DB /* InfoPlist.strings in Resources */ = {isa = PBXBuildFile; fileRef = 279EC23E18884A890087E0DB /* InfoPlist.strings */; };
		279EC24218884A890087E0DB /* MathMatchTests.m in Sources */ = {isa = PBXBuildFile; fileRef = 279EC24118884A890087E0DB /* MathMatchTests.m */; };
		279EC24D18884CF70087E0DB /* MMXMainMenuViewController.m in Sources */ = {isa = PBXBuildFile; fileRef = 279EC24C18884CF70087E0DB /* MMXMainMenuViewController.m */; };
		279EC24E18884CF70087E0DB /* MMXMainMenuViewController.m in Sources */ = {isa = PBXBuildFile; fileRef = 279EC24C18884CF70087E0DB /* MMXMainMenuViewController.m */; };
		27A086721890882F00C318DE /* MMXFlatButton.m in Sources */ = {isa = PBXBuildFile; fileRef = 27A086711890882F00C318DE /* MMXFlatButton.m */; };
		27A086731890882F00C318DE /* MMXFlatButton.m in Sources */ = {isa = PBXBuildFile; fileRef = 27A086711890882F00C318DE /* MMXFlatButton.m */; };
		27A086761891CB9000C318DE /* MMXGameData.m in Sources */ = {isa = PBXBuildFile; fileRef = 27A086751891CB9000C318DE /* MMXGameData.m */; };
		27A086771891CB9000C318DE /* MMXGameData.m in Sources */ = {isa = PBXBuildFile; fileRef = 27A086751891CB9000C318DE /* MMXGameData.m */; };
		27A0867B18930F1200C318DE /* MMXPracticeMenuBetaViewController.m in Sources */ = {isa = PBXBuildFile; fileRef = 27A0867A18930F1200C318DE /* MMXPracticeMenuBetaViewController.m */; };
		27A0867C18930F1200C318DE /* MMXPracticeMenuBetaViewController.m in Sources */ = {isa = PBXBuildFile; fileRef = 27A0867A18930F1200C318DE /* MMXPracticeMenuBetaViewController.m */; };
		27A086801893867C00C318DE /* MMXGameViewController.m in Sources */ = {isa = PBXBuildFile; fileRef = 27A0867F1893867C00C318DE /* MMXGameViewController.m */; };
		27A086811893867C00C318DE /* MMXGameViewController.m in Sources */ = {isa = PBXBuildFile; fileRef = 27A0867F1893867C00C318DE /* MMXGameViewController.m */; };
		27A1D93A188F0B8100255231 /* MMXNavigationController.m in Sources */ = {isa = PBXBuildFile; fileRef = 27A1D939188F0B8100255231 /* MMXNavigationController.m */; };
		27A1D93B188F0B8100255231 /* MMXNavigationController.m in Sources */ = {isa = PBXBuildFile; fileRef = 27A1D939188F0B8100255231 /* MMXNavigationController.m */; };
		27B19994190950E400C38E8F /* MMXTimeIntervalFormatter.m in Sources */ = {isa = PBXBuildFile; fileRef = 27B19993190950E400C38E8F /* MMXTimeIntervalFormatter.m */; };
		27B19995190950E400C38E8F /* MMXTimeIntervalFormatter.m in Sources */ = {isa = PBXBuildFile; fileRef = 27B19993190950E400C38E8F /* MMXTimeIntervalFormatter.m */; };
		27B199A6190ADCBA00C38E8F /* UIColor+MMXColor.m in Sources */ = {isa = PBXBuildFile; fileRef = 27B199A5190ADCBA00C38E8F /* UIColor+MMXColor.m */; };
		27B199A7190ADCBA00C38E8F /* UIColor+MMXColor.m in Sources */ = {isa = PBXBuildFile; fileRef = 27B199A5190ADCBA00C38E8F /* UIColor+MMXColor.m */; };
		27C687DA18C438A50060D451 /* KMODecisionView.m in Sources */ = {isa = PBXBuildFile; fileRef = 27C687D918C438A50060D451 /* KMODecisionView.m */; };
		27C687DB18C438A50060D451 /* KMODecisionView.m in Sources */ = {isa = PBXBuildFile; fileRef = 27C687D918C438A50060D451 /* KMODecisionView.m */; };
		27D391701937867C0041BDB4 /* MMXTopScore.m in Sources */ = {isa = PBXBuildFile; fileRef = 27D3916F1937867C0041BDB4 /* MMXTopScore.m */; };
		27D391711937867C0041BDB4 /* MMXTopScore.m in Sources */ = {isa = PBXBuildFile; fileRef = 27D3916F1937867C0041BDB4 /* MMXTopScore.m */; };
		27F3C2781928F8DB00EB5D59 /* MMXClassesViewController.m in Sources */ = {isa = PBXBuildFile; fileRef = 27F3C2771928F8DB00EB5D59 /* MMXClassesViewController.m */; };
		27F3C2791928F8DB00EB5D59 /* MMXClassesViewController.m in Sources */ = {isa = PBXBuildFile; fileRef = 27F3C2771928F8DB00EB5D59 /* MMXClassesViewController.m */; };
		27F3C27D1928FB2B00EB5D59 /* MMXClassProgressTableViewCell.m in Sources */ = {isa = PBXBuildFile; fileRef = 27F3C27C1928FB2B00EB5D59 /* MMXClassProgressTableViewCell.m */; };
		27F3C27E1928FB2B00EB5D59 /* MMXClassProgressTableViewCell.m in Sources */ = {isa = PBXBuildFile; fileRef = 27F3C27C1928FB2B00EB5D59 /* MMXClassProgressTableViewCell.m */; };
		27F3C2801928FDD900EB5D59 /* classes.json in Resources */ = {isa = PBXBuildFile; fileRef = 27F3C27F1928FDD900EB5D59 /* classes.json */; };
		27F3C2811928FDD900EB5D59 /* classes.json in Resources */ = {isa = PBXBuildFile; fileRef = 27F3C27F1928FDD900EB5D59 /* classes.json */; };
		27F3C2841929178B00EB5D59 /* MMXClassStarTableViewCell.m in Sources */ = {isa = PBXBuildFile; fileRef = 27F3C2831929178B00EB5D59 /* MMXClassStarTableViewCell.m */; };
		27F3C2851929178B00EB5D59 /* MMXClassStarTableViewCell.m in Sources */ = {isa = PBXBuildFile; fileRef = 27F3C2831929178B00EB5D59 /* MMXClassStarTableViewCell.m */; };
		27F3C28C192A76B300EB5D59 /* MMXLessonTableViewCell.m in Sources */ = {isa = PBXBuildFile; fileRef = 27F3C28B192A76B300EB5D59 /* MMXLessonTableViewCell.m */; };
		27F3C28D192A76B300EB5D59 /* MMXLessonTableViewCell.m in Sources */ = {isa = PBXBuildFile; fileRef = 27F3C28B192A76B300EB5D59 /* MMXLessonTableViewCell.m */; };
		27F3C290192A774E00EB5D59 /* MMXLessonsViewController.m in Sources */ = {isa = PBXBuildFile; fileRef = 27F3C28F192A774E00EB5D59 /* MMXLessonsViewController.m */; };
		27F3C291192A774E00EB5D59 /* MMXLessonsViewController.m in Sources */ = {isa = PBXBuildFile; fileRef = 27F3C28F192A774E00EB5D59 /* MMXLessonsViewController.m */; };
/* End PBXBuildFile section */

/* Begin PBXContainerItemProxy section */
		279EC23918884A890087E0DB /* PBXContainerItemProxy */ = {
			isa = PBXContainerItemProxy;
			containerPortal = 279EC1FF18884A890087E0DB /* Project object */;
			proxyType = 1;
			remoteGlobalIDString = 279EC20618884A890087E0DB;
			remoteInfo = MathMatch;
		};
/* End PBXContainerItemProxy section */

/* Begin PBXFileReference section */
		271DA31A1901953B00E81154 /* MMXResultsViewController.h */ = {isa = PBXFileReference; fileEncoding = 4; lastKnownFileType = sourcecode.c.h; path = MMXResultsViewController.h; sourceTree = "<group>"; };
		271DA31B1901953B00E81154 /* MMXResultsViewController.m */ = {isa = PBXFileReference; fileEncoding = 4; lastKnownFileType = sourcecode.c.objc; path = MMXResultsViewController.m; sourceTree = "<group>"; };
		273592A01888AA5C0063C5CD /* MMXPracticeMenuAlphaViewController.h */ = {isa = PBXFileReference; fileEncoding = 4; lastKnownFileType = sourcecode.c.h; path = MMXPracticeMenuAlphaViewController.h; sourceTree = "<group>"; };
		273592A11888AA5C0063C5CD /* MMXPracticeMenuAlphaViewController.m */ = {isa = PBXFileReference; fileEncoding = 4; lastKnownFileType = sourcecode.c.objc; path = MMXPracticeMenuAlphaViewController.m; sourceTree = "<group>"; };
		275500A318AB0DC2008B4DB4 /* MMXCard.h */ = {isa = PBXFileReference; fileEncoding = 4; lastKnownFileType = sourcecode.c.h; path = MMXCard.h; sourceTree = "<group>"; };
		275500A418AB0DC2008B4DB4 /* MMXCard.m */ = {isa = PBXFileReference; fileEncoding = 4; lastKnownFileType = sourcecode.c.objc; path = MMXCard.m; sourceTree = "<group>"; };
		275500A518AB0DC2008B4DB4 /* MMXCardViewController.h */ = {isa = PBXFileReference; fileEncoding = 4; lastKnownFileType = sourcecode.c.h; path = MMXCardViewController.h; sourceTree = "<group>"; };
		275500A618AB0DC2008B4DB4 /* MMXCardViewController.m */ = {isa = PBXFileReference; fileEncoding = 4; lastKnownFileType = sourcecode.c.objc; path = MMXCardViewController.m; sourceTree = "<group>"; };
		275500A718AB0DC2008B4DB4 /* MMXCardViewController~ipad.xib */ = {isa = PBXFileReference; fileEncoding = 4; lastKnownFileType = file.xib; path = "MMXCardViewController~ipad.xib"; sourceTree = "<group>"; };
		275500AE18AED9B9008B4DB4 /* MMXCardViewController~iphone.xib */ = {isa = PBXFileReference; fileEncoding = 4; lastKnownFileType = file.xib; path = "MMXCardViewController~iphone.xib"; sourceTree = "<group>"; };
		277A1F1E192268BC00E09050 /* MMXAudioManager.h */ = {isa = PBXFileReference; fileEncoding = 4; lastKnownFileType = sourcecode.c.h; path = MMXAudioManager.h; sourceTree = "<group>"; };
		277A1F1F192268BC00E09050 /* MMXAudioManager.m */ = {isa = PBXFileReference; fileEncoding = 4; lastKnownFileType = sourcecode.c.objc; path = MMXAudioManager.m; sourceTree = "<group>"; };
		277A1F25192289CB00E09050 /* button-44.caf */ = {isa = PBXFileReference; lastKnownFileType = file; path = "button-44.caf"; sourceTree = "<group>"; };
		277A1F2819229B4F00E09050 /* destination-01.caf */ = {isa = PBXFileReference; lastKnownFileType = file; path = "destination-01.caf"; sourceTree = "<group>"; };
		279EC20718884A890087E0DB /* MathMatch.app */ = {isa = PBXFileReference; explicitFileType = wrapper.application; includeInIndex = 0; path = MathMatch.app; sourceTree = BUILT_PRODUCTS_DIR; };
		279EC21418884A890087E0DB /* MathMatch-Info.plist */ = {isa = PBXFileReference; lastKnownFileType = text.plist.xml; path = "MathMatch-Info.plist"; sourceTree = "<group>"; };
		279EC21618884A890087E0DB /* en */ = {isa = PBXFileReference; lastKnownFileType = text.plist.strings; name = en; path = en.lproj/InfoPlist.strings; sourceTree = "<group>"; };
		279EC21818884A890087E0DB /* main.m */ = {isa = PBXFileReference; lastKnownFileType = sourcecode.c.objc; path = main.m; sourceTree = "<group>"; };
		279EC21A18884A890087E0DB /* MathMatch-Prefix.pch */ = {isa = PBXFileReference; lastKnownFileType = sourcecode.c.h; path = "MathMatch-Prefix.pch"; sourceTree = "<group>"; };
		279EC21B18884A890087E0DB /* MMXAppDelegate.h */ = {isa = PBXFileReference; lastKnownFileType = sourcecode.c.h; path = MMXAppDelegate.h; sourceTree = "<group>"; };
		279EC21C18884A890087E0DB /* MMXAppDelegate.m */ = {isa = PBXFileReference; lastKnownFileType = sourcecode.c.objc; path = MMXAppDelegate.m; sourceTree = "<group>"; };
		279EC21F18884A890087E0DB /* Base */ = {isa = PBXFileReference; lastKnownFileType = file.storyboard; name = Base; path = Base.lproj/Main_iPhone.storyboard; sourceTree = "<group>"; };
		279EC22218884A890087E0DB /* Base */ = {isa = PBXFileReference; lastKnownFileType = file.storyboard; name = Base; path = Base.lproj/Main_iPad.storyboard; sourceTree = "<group>"; };
		279EC22518884A890087E0DB /* MathMatch.xcdatamodel */ = {isa = PBXFileReference; lastKnownFileType = wrapper.xcdatamodel; path = MathMatch.xcdatamodel; sourceTree = "<group>"; };
		279EC22718884A890087E0DB /* CLXMasterViewController.h */ = {isa = PBXFileReference; lastKnownFileType = sourcecode.c.h; path = CLXMasterViewController.h; sourceTree = "<group>"; };
		279EC22818884A890087E0DB /* CLXMasterViewController.m */ = {isa = PBXFileReference; lastKnownFileType = sourcecode.c.objc; path = CLXMasterViewController.m; sourceTree = "<group>"; };
		279EC22A18884A890087E0DB /* CLXDetailViewController.h */ = {isa = PBXFileReference; lastKnownFileType = sourcecode.c.h; path = CLXDetailViewController.h; sourceTree = "<group>"; };
		279EC22B18884A890087E0DB /* CLXDetailViewController.m */ = {isa = PBXFileReference; lastKnownFileType = sourcecode.c.objc; path = CLXDetailViewController.m; sourceTree = "<group>"; };
		279EC22D18884A890087E0DB /* Images.xcassets */ = {isa = PBXFileReference; lastKnownFileType = folder.assetcatalog; path = Images.xcassets; sourceTree = "<group>"; };
		279EC23318884A890087E0DB /* MathMatchTests.xctest */ = {isa = PBXFileReference; explicitFileType = wrapper.cfbundle; includeInIndex = 0; path = MathMatchTests.xctest; sourceTree = BUILT_PRODUCTS_DIR; };
		279EC23D18884A890087E0DB /* MathMatchTests-Info.plist */ = {isa = PBXFileReference; lastKnownFileType = text.plist.xml; path = "MathMatchTests-Info.plist"; sourceTree = "<group>"; };
		279EC23F18884A890087E0DB /* en */ = {isa = PBXFileReference; lastKnownFileType = text.plist.strings; name = en; path = en.lproj/InfoPlist.strings; sourceTree = "<group>"; };
		279EC24118884A890087E0DB /* MathMatchTests.m */ = {isa = PBXFileReference; lastKnownFileType = sourcecode.c.objc; path = MathMatchTests.m; sourceTree = "<group>"; };
		279EC24B18884CF70087E0DB /* MMXMainMenuViewController.h */ = {isa = PBXFileReference; fileEncoding = 4; lastKnownFileType = sourcecode.c.h; path = MMXMainMenuViewController.h; sourceTree = "<group>"; };
		279EC24C18884CF70087E0DB /* MMXMainMenuViewController.m */ = {isa = PBXFileReference; fileEncoding = 4; lastKnownFileType = sourcecode.c.objc; path = MMXMainMenuViewController.m; sourceTree = "<group>"; };
		27A086701890882F00C318DE /* MMXFlatButton.h */ = {isa = PBXFileReference; fileEncoding = 4; lastKnownFileType = sourcecode.c.h; path = MMXFlatButton.h; sourceTree = "<group>"; };
		27A086711890882F00C318DE /* MMXFlatButton.m */ = {isa = PBXFileReference; fileEncoding = 4; lastKnownFileType = sourcecode.c.objc; path = MMXFlatButton.m; sourceTree = "<group>"; };
		27A086741891CB9000C318DE /* MMXGameData.h */ = {isa = PBXFileReference; fileEncoding = 4; lastKnownFileType = sourcecode.c.h; path = MMXGameData.h; sourceTree = "<group>"; };
		27A086751891CB9000C318DE /* MMXGameData.m */ = {isa = PBXFileReference; fileEncoding = 4; lastKnownFileType = sourcecode.c.objc; path = MMXGameData.m; sourceTree = "<group>"; };
		27A0867918930F1200C318DE /* MMXPracticeMenuBetaViewController.h */ = {isa = PBXFileReference; fileEncoding = 4; lastKnownFileType = sourcecode.c.h; path = MMXPracticeMenuBetaViewController.h; sourceTree = "<group>"; };
		27A0867A18930F1200C318DE /* MMXPracticeMenuBetaViewController.m */ = {isa = PBXFileReference; fileEncoding = 4; lastKnownFileType = sourcecode.c.objc; path = MMXPracticeMenuBetaViewController.m; sourceTree = "<group>"; };
		27A0867E1893867C00C318DE /* MMXGameViewController.h */ = {isa = PBXFileReference; fileEncoding = 4; lastKnownFileType = sourcecode.c.h; path = MMXGameViewController.h; sourceTree = "<group>"; };
		27A0867F1893867C00C318DE /* MMXGameViewController.m */ = {isa = PBXFileReference; fileEncoding = 4; lastKnownFileType = sourcecode.c.objc; path = MMXGameViewController.m; sourceTree = "<group>"; };
		27A1D938188F0B8100255231 /* MMXNavigationController.h */ = {isa = PBXFileReference; fileEncoding = 4; lastKnownFileType = sourcecode.c.h; path = MMXNavigationController.h; sourceTree = "<group>"; };
		27A1D939188F0B8100255231 /* MMXNavigationController.m */ = {isa = PBXFileReference; fileEncoding = 4; lastKnownFileType = sourcecode.c.objc; path = MMXNavigationController.m; sourceTree = "<group>"; };
		27B19992190950E400C38E8F /* MMXTimeIntervalFormatter.h */ = {isa = PBXFileReference; fileEncoding = 4; lastKnownFileType = sourcecode.c.h; path = MMXTimeIntervalFormatter.h; sourceTree = "<group>"; };
		27B19993190950E400C38E8F /* MMXTimeIntervalFormatter.m */ = {isa = PBXFileReference; fileEncoding = 4; lastKnownFileType = sourcecode.c.objc; path = MMXTimeIntervalFormatter.m; sourceTree = "<group>"; };
		27B199A4190ADCBA00C38E8F /* UIColor+MMXColor.h */ = {isa = PBXFileReference; fileEncoding = 4; lastKnownFileType = sourcecode.c.h; path = "UIColor+MMXColor.h"; sourceTree = "<group>"; };
		27B199A5190ADCBA00C38E8F /* UIColor+MMXColor.m */ = {isa = PBXFileReference; fileEncoding = 4; lastKnownFileType = sourcecode.c.objc; path = "UIColor+MMXColor.m"; sourceTree = "<group>"; };
		27C687D818C438A50060D451 /* KMODecisionView.h */ = {isa = PBXFileReference; fileEncoding = 4; lastKnownFileType = sourcecode.c.h; path = KMODecisionView.h; sourceTree = "<group>"; };
		27C687D918C438A50060D451 /* KMODecisionView.m */ = {isa = PBXFileReference; fileEncoding = 4; lastKnownFileType = sourcecode.c.objc; path = KMODecisionView.m; sourceTree = "<group>"; };
		27D3916E1937867C0041BDB4 /* MMXTopScore.h */ = {isa = PBXFileReference; fileEncoding = 4; lastKnownFileType = sourcecode.c.h; path = MMXTopScore.h; sourceTree = "<group>"; };
		27D3916F1937867C0041BDB4 /* MMXTopScore.m */ = {isa = PBXFileReference; fileEncoding = 4; lastKnownFileType = sourcecode.c.objc; path = MMXTopScore.m; sourceTree = "<group>"; };
		27F3C2761928F8DB00EB5D59 /* MMXClassesViewController.h */ = {isa = PBXFileReference; fileEncoding = 4; lastKnownFileType = sourcecode.c.h; path = MMXClassesViewController.h; sourceTree = "<group>"; };
		27F3C2771928F8DB00EB5D59 /* MMXClassesViewController.m */ = {isa = PBXFileReference; fileEncoding = 4; lastKnownFileType = sourcecode.c.objc; path = MMXClassesViewController.m; sourceTree = "<group>"; };
		27F3C27B1928FB2B00EB5D59 /* MMXClassProgressTableViewCell.h */ = {isa = PBXFileReference; fileEncoding = 4; lastKnownFileType = sourcecode.c.h; path = MMXClassProgressTableViewCell.h; sourceTree = "<group>"; };
		27F3C27C1928FB2B00EB5D59 /* MMXClassProgressTableViewCell.m */ = {isa = PBXFileReference; fileEncoding = 4; lastKnownFileType = sourcecode.c.objc; path = MMXClassProgressTableViewCell.m; sourceTree = "<group>"; };
		27F3C27F1928FDD900EB5D59 /* classes.json */ = {isa = PBXFileReference; fileEncoding = 4; lastKnownFileType = text.json; path = classes.json; sourceTree = "<group>"; };
		27F3C2821929178B00EB5D59 /* MMXClassStarTableViewCell.h */ = {isa = PBXFileReference; fileEncoding = 4; lastKnownFileType = sourcecode.c.h; path = MMXClassStarTableViewCell.h; sourceTree = "<group>"; };
		27F3C2831929178B00EB5D59 /* MMXClassStarTableViewCell.m */ = {isa = PBXFileReference; fileEncoding = 4; lastKnownFileType = sourcecode.c.objc; path = MMXClassStarTableViewCell.m; sourceTree = "<group>"; };
		27F3C28A192A76B300EB5D59 /* MMXLessonTableViewCell.h */ = {isa = PBXFileReference; fileEncoding = 4; lastKnownFileType = sourcecode.c.h; path = MMXLessonTableViewCell.h; sourceTree = "<group>"; };
		27F3C28B192A76B300EB5D59 /* MMXLessonTableViewCell.m */ = {isa = PBXFileReference; fileEncoding = 4; lastKnownFileType = sourcecode.c.objc; path = MMXLessonTableViewCell.m; sourceTree = "<group>"; };
		27F3C28E192A774E00EB5D59 /* MMXLessonsViewController.h */ = {isa = PBXFileReference; fileEncoding = 4; lastKnownFileType = sourcecode.c.h; path = MMXLessonsViewController.h; sourceTree = "<group>"; };
		27F3C28F192A774E00EB5D59 /* MMXLessonsViewController.m */ = {isa = PBXFileReference; fileEncoding = 4; lastKnownFileType = sourcecode.c.objc; path = MMXLessonsViewController.m; sourceTree = "<group>"; };
/* End PBXFileReference section */

/* Begin PBXFrameworksBuildPhase section */
		279EC20418884A890087E0DB /* Frameworks */ = {
			isa = PBXFrameworksBuildPhase;
			buildActionMask = 2147483647;
			files = (
			);
			runOnlyForDeploymentPostprocessing = 0;
		};
		279EC23018884A890087E0DB /* Frameworks */ = {
			isa = PBXFrameworksBuildPhase;
			buildActionMask = 2147483647;
			files = (
			);
			runOnlyForDeploymentPostprocessing = 0;
		};
/* End PBXFrameworksBuildPhase section */

/* Begin PBXGroup section */
		27572EA518A1FF56007EAF8A /* Component UI */ = {
			isa = PBXGroup;
			children = (
				27A086701890882F00C318DE /* MMXFlatButton.h */,
				27A086711890882F00C318DE /* MMXFlatButton.m */,
				27C687D818C438A50060D451 /* KMODecisionView.h */,
				27C687D918C438A50060D451 /* KMODecisionView.m */,
			);
			name = "Component UI";
			sourceTree = "<group>";
		};
		277A1F24192289CB00E09050 /* Audio */ = {
			isa = PBXGroup;
			children = (
				277A1F2819229B4F00E09050 /* destination-01.caf */,
				277A1F25192289CB00E09050 /* button-44.caf */,
			);
			path = Audio;
			sourceTree = "<group>";
		};
		279EC1FE18884A890087E0DB = {
			isa = PBXGroup;
			children = (
				279EC21218884A890087E0DB /* MathMatch */,
				279EC23B18884A890087E0DB /* MathMatchTests */,
				279EC20818884A890087E0DB /* Products */,
			);
			sourceTree = "<group>";
		};
		279EC20818884A890087E0DB /* Products */ = {
			isa = PBXGroup;
			children = (
				279EC20718884A890087E0DB /* MathMatch.app */,
				279EC23318884A890087E0DB /* MathMatchTests.xctest */,
			);
			name = Products;
			sourceTree = "<group>";
		};
		279EC21218884A890087E0DB /* MathMatch */ = {
			isa = PBXGroup;
			children = (
				27A0867D18937D5800C318DE /* Main */,
				27F3C27A1928FAC500EB5D59 /* Classes and Lessons */,
				27A0867818930EE600C318DE /* Practice */,
				27C687D718C3BE9E0060D451 /* Model */,
				27572EA518A1FF56007EAF8A /* Component UI */,
				27B199961909BD5900C38E8F /* Utilities */,
				27A0867E1893867C00C318DE /* MMXGameViewController.h */,
				27A0867F1893867C00C318DE /* MMXGameViewController.m */,
				271DA31A1901953B00E81154 /* MMXResultsViewController.h */,
				271DA31B1901953B00E81154 /* MMXResultsViewController.m */,
				275500A518AB0DC2008B4DB4 /* MMXCardViewController.h */,
				275500A618AB0DC2008B4DB4 /* MMXCardViewController.m */,
				275500AE18AED9B9008B4DB4 /* MMXCardViewController~iphone.xib */,
				275500A718AB0DC2008B4DB4 /* MMXCardViewController~ipad.xib */,
				279EC21E18884A890087E0DB /* Main_iPhone.storyboard */,
				279EC22118884A890087E0DB /* Main_iPad.storyboard */,
				279EC22718884A890087E0DB /* CLXMasterViewController.h */,
				279EC22818884A890087E0DB /* CLXMasterViewController.m */,
				279EC22A18884A890087E0DB /* CLXDetailViewController.h */,
				279EC22B18884A890087E0DB /* CLXDetailViewController.m */,
				279EC22D18884A890087E0DB /* Images.xcassets */,
				279EC22418884A890087E0DB /* MathMatch.xcdatamodeld */,
				279EC21318884A890087E0DB /* Supporting Files */,
			);
			path = MathMatch;
			sourceTree = "<group>";
		};
		279EC21318884A890087E0DB /* Supporting Files */ = {
			isa = PBXGroup;
			children = (
				277A1F24192289CB00E09050 /* Audio */,
				279EC21418884A890087E0DB /* MathMatch-Info.plist */,
				279EC21518884A890087E0DB /* InfoPlist.strings */,
				279EC21818884A890087E0DB /* main.m */,
				279EC21A18884A890087E0DB /* MathMatch-Prefix.pch */,
				27F3C27F1928FDD900EB5D59 /* classes.json */,
			);
			name = "Supporting Files";
			sourceTree = "<group>";
		};
		279EC23B18884A890087E0DB /* MathMatchTests */ = {
			isa = PBXGroup;
			children = (
				279EC24118884A890087E0DB /* MathMatchTests.m */,
				279EC23C18884A890087E0DB /* Supporting Files */,
			);
			path = MathMatchTests;
			sourceTree = "<group>";
		};
		279EC23C18884A890087E0DB /* Supporting Files */ = {
			isa = PBXGroup;
			children = (
				279EC23D18884A890087E0DB /* MathMatchTests-Info.plist */,
				279EC23E18884A890087E0DB /* InfoPlist.strings */,
			);
			name = "Supporting Files";
			sourceTree = "<group>";
		};
		27A0867818930EE600C318DE /* Practice */ = {
			isa = PBXGroup;
			children = (
				273592A01888AA5C0063C5CD /* MMXPracticeMenuAlphaViewController.h */,
				273592A11888AA5C0063C5CD /* MMXPracticeMenuAlphaViewController.m */,
				27A0867918930F1200C318DE /* MMXPracticeMenuBetaViewController.h */,
				27A0867A18930F1200C318DE /* MMXPracticeMenuBetaViewController.m */,
			);
			name = Practice;
			sourceTree = "<group>";
		};
		27A0867D18937D5800C318DE /* Main */ = {
			isa = PBXGroup;
			children = (
				279EC21B18884A890087E0DB /* MMXAppDelegate.h */,
				279EC21C18884A890087E0DB /* MMXAppDelegate.m */,
				27A1D938188F0B8100255231 /* MMXNavigationController.h */,
				27A1D939188F0B8100255231 /* MMXNavigationController.m */,
				279EC24B18884CF70087E0DB /* MMXMainMenuViewController.h */,
				279EC24C18884CF70087E0DB /* MMXMainMenuViewController.m */,
			);
			name = Main;
			sourceTree = "<group>";
		};
		27B199961909BD5900C38E8F /* Utilities */ = {
			isa = PBXGroup;
			children = (
				277A1F1E192268BC00E09050 /* MMXAudioManager.h */,
				277A1F1F192268BC00E09050 /* MMXAudioManager.m */,
				27B19992190950E400C38E8F /* MMXTimeIntervalFormatter.h */,
				27B19993190950E400C38E8F /* MMXTimeIntervalFormatter.m */,
				27B199A4190ADCBA00C38E8F /* UIColor+MMXColor.h */,
				27B199A5190ADCBA00C38E8F /* UIColor+MMXColor.m */,
			);
			name = Utilities;
			sourceTree = "<group>";
		};
		27C687D718C3BE9E0060D451 /* Model */ = {
			isa = PBXGroup;
			children = (
				27A086741891CB9000C318DE /* MMXGameData.h */,
				27A086751891CB9000C318DE /* MMXGameData.m */,
				27D3916E1937867C0041BDB4 /* MMXTopScore.h */,
				27D3916F1937867C0041BDB4 /* MMXTopScore.m */,
				275500A318AB0DC2008B4DB4 /* MMXCard.h */,
				275500A418AB0DC2008B4DB4 /* MMXCard.m */,
			);
			name = Model;
			sourceTree = "<group>";
		};
		27F3C27A1928FAC500EB5D59 /* Classes and Lessons */ = {
			isa = PBXGroup;
			children = (
				27F3C2761928F8DB00EB5D59 /* MMXClassesViewController.h */,
				27F3C2771928F8DB00EB5D59 /* MMXClassesViewController.m */,
				27F3C27B1928FB2B00EB5D59 /* MMXClassProgressTableViewCell.h */,
				27F3C27C1928FB2B00EB5D59 /* MMXClassProgressTableViewCell.m */,
				27F3C2821929178B00EB5D59 /* MMXClassStarTableViewCell.h */,
				27F3C2831929178B00EB5D59 /* MMXClassStarTableViewCell.m */,
				27F3C28E192A774E00EB5D59 /* MMXLessonsViewController.h */,
				27F3C28F192A774E00EB5D59 /* MMXLessonsViewController.m */,
				27F3C28A192A76B300EB5D59 /* MMXLessonTableViewCell.h */,
				27F3C28B192A76B300EB5D59 /* MMXLessonTableViewCell.m */,
			);
			name = "Classes and Lessons";
			sourceTree = "<group>";
		};
/* End PBXGroup section */

/* Begin PBXNativeTarget section */
		279EC20618884A890087E0DB /* MathMatch */ = {
			isa = PBXNativeTarget;
			buildConfigurationList = 279EC24518884A890087E0DB /* Build configuration list for PBXNativeTarget "MathMatch" */;
			buildPhases = (
				279EC20318884A890087E0DB /* Sources */,
				279EC20418884A890087E0DB /* Frameworks */,
				279EC20518884A890087E0DB /* Resources */,
			);
			buildRules = (
			);
			dependencies = (
			);
			name = MathMatch;
			productName = MathMatch;
			productReference = 279EC20718884A890087E0DB /* MathMatch.app */;
			productType = "com.apple.product-type.application";
		};
		279EC23218884A890087E0DB /* MathMatchTests */ = {
			isa = PBXNativeTarget;
			buildConfigurationList = 279EC24818884A890087E0DB /* Build configuration list for PBXNativeTarget "MathMatchTests" */;
			buildPhases = (
				279EC22F18884A890087E0DB /* Sources */,
				279EC23018884A890087E0DB /* Frameworks */,
				279EC23118884A890087E0DB /* Resources */,
			);
			buildRules = (
			);
			dependencies = (
				279EC23A18884A890087E0DB /* PBXTargetDependency */,
			);
			name = MathMatchTests;
			productName = MathMatchTests;
			productReference = 279EC23318884A890087E0DB /* MathMatchTests.xctest */;
			productType = "com.apple.product-type.bundle.unit-test";
		};
/* End PBXNativeTarget section */

/* Begin PBXProject section */
		279EC1FF18884A890087E0DB /* Project object */ = {
			isa = PBXProject;
			attributes = {
				CLASSPREFIX = CLX;
				LastUpgradeCheck = 0510;
				ORGANIZATIONNAME = "Computer Lab";
				TargetAttributes = {
					279EC20618884A890087E0DB = {
						DevelopmentTeam = 4R42LNL6YL;
					};
					279EC23218884A890087E0DB = {
						TestTargetID = 279EC20618884A890087E0DB;
					};
				};
			};
			buildConfigurationList = 279EC20218884A890087E0DB /* Build configuration list for PBXProject "MathMatch" */;
			compatibilityVersion = "Xcode 3.2";
			developmentRegion = English;
			hasScannedForEncodings = 0;
			knownRegions = (
				en,
				Base,
			);
			mainGroup = 279EC1FE18884A890087E0DB;
			productRefGroup = 279EC20818884A890087E0DB /* Products */;
			projectDirPath = "";
			projectRoot = "";
			targets = (
				279EC20618884A890087E0DB /* MathMatch */,
				279EC23218884A890087E0DB /* MathMatchTests */,
			);
		};
/* End PBXProject section */

/* Begin PBXResourcesBuildPhase section */
		279EC20518884A890087E0DB /* Resources */ = {
			isa = PBXResourcesBuildPhase;
			buildActionMask = 2147483647;
			files = (
				279EC22318884A890087E0DB /* Main_iPad.storyboard in Resources */,
				279EC22E18884A890087E0DB /* Images.xcassets in Resources */,
				277A1F2919229B4F00E09050 /* destination-01.caf in Resources */,
				279EC22018884A890087E0DB /* Main_iPhone.storyboard in Resources */,
				277A1F26192289CB00E09050 /* button-44.caf in Resources */,
				275500AC18AB0DC2008B4DB4 /* MMXCardViewController~ipad.xib in Resources */,
				275500AF18AED9B9008B4DB4 /* MMXCardViewController~iphone.xib in Resources */,
				27F3C2801928FDD900EB5D59 /* classes.json in Resources */,
				279EC21718884A890087E0DB /* InfoPlist.strings in Resources */,
			);
			runOnlyForDeploymentPostprocessing = 0;
		};
		279EC23118884A890087E0DB /* Resources */ = {
			isa = PBXResourcesBuildPhase;
			buildActionMask = 2147483647;
			files = (
				275500AD18AB0DC2008B4DB4 /* MMXCardViewController~ipad.xib in Resources */,
				27F3C2811928FDD900EB5D59 /* classes.json in Resources */,
				277A1F2A19229B4F00E09050 /* destination-01.caf in Resources */,
				275500B018AED9B9008B4DB4 /* MMXCardViewController~iphone.xib in Resources */,
				277A1F27192289CB00E09050 /* button-44.caf in Resources */,
				279EC24018884A890087E0DB /* InfoPlist.strings in Resources */,
			);
			runOnlyForDeploymentPostprocessing = 0;
		};
/* End PBXResourcesBuildPhase section */

/* Begin PBXSourcesBuildPhase section */
		279EC20318884A890087E0DB /* Sources */ = {
			isa = PBXSourcesBuildPhase;
			buildActionMask = 2147483647;
			files = (
				275500A818AB0DC2008B4DB4 /* MMXCard.m in Sources */,
				27F3C27D1928FB2B00EB5D59 /* MMXClassProgressTableViewCell.m in Sources */,
				27D391701937867C0041BDB4 /* MMXTopScore.m in Sources */,
				27B19994190950E400C38E8F /* MMXTimeIntervalFormatter.m in Sources */,
				279EC21D18884A890087E0DB /* MMXAppDelegate.m in Sources */,
				27F3C28C192A76B300EB5D59 /* MMXLessonTableViewCell.m in Sources */,
				27F3C290192A774E00EB5D59 /* MMXLessonsViewController.m in Sources */,
				275500AA18AB0DC2008B4DB4 /* MMXCardViewController.m in Sources */,
				277A1F20192268BC00E09050 /* MMXAudioManager.m in Sources */,
				273592A21888AA5C0063C5CD /* MMXPracticeMenuAlphaViewController.m in Sources */,
				27C687DA18C438A50060D451 /* KMODecisionView.m in Sources */,
				27A0867B18930F1200C318DE /* MMXPracticeMenuBetaViewController.m in Sources */,
				27F3C2841929178B00EB5D59 /* MMXClassStarTableViewCell.m in Sources */,
				27A1D93A188F0B8100255231 /* MMXNavigationController.m in Sources */,
				27B199A6190ADCBA00C38E8F /* UIColor+MMXColor.m in Sources */,
				279EC22C18884A890087E0DB /* CLXDetailViewController.m in Sources */,
				271DA31C1901953B00E81154 /* MMXResultsViewController.m in Sources */,
				27A086801893867C00C318DE /* MMXGameViewController.m in Sources */,
				279EC22618884A890087E0DB /* MathMatch.xcdatamodeld in Sources */,
				27A086761891CB9000C318DE /* MMXGameData.m in Sources */,
				279EC22918884A890087E0DB /* CLXMasterViewController.m in Sources */,
				27F3C2781928F8DB00EB5D59 /* MMXClassesViewController.m in Sources */,
				27A086721890882F00C318DE /* MMXFlatButton.m in Sources */,
				279EC24D18884CF70087E0DB /* MMXMainMenuViewController.m in Sources */,
				279EC21918884A890087E0DB /* main.m in Sources */,
			);
			runOnlyForDeploymentPostprocessing = 0;
		};
		279EC22F18884A890087E0DB /* Sources */ = {
			isa = PBXSourcesBuildPhase;
			buildActionMask = 2147483647;
			files = (
				27B199A7190ADCBA00C38E8F /* UIColor+MMXColor.m in Sources */,
				275500AB18AB0DC2008B4DB4 /* MMXCardViewController.m in Sources */,
				273592A31888AA5C0063C5CD /* MMXPracticeMenuAlphaViewController.m in Sources */,
				27F3C28D192A76B300EB5D59 /* MMXLessonTableViewCell.m in Sources */,
				27F3C2851929178B00EB5D59 /* MMXClassStarTableViewCell.m in Sources */,
				27A086771891CB9000C318DE /* MMXGameData.m in Sources */,
				27F3C2791928F8DB00EB5D59 /* MMXClassesViewController.m in Sources */,
				279EC24E18884CF70087E0DB /* MMXMainMenuViewController.m in Sources */,
				27F3C27E1928FB2B00EB5D59 /* MMXClassProgressTableViewCell.m in Sources */,
				27C687DB18C438A50060D451 /* KMODecisionView.m in Sources */,
				27A086731890882F00C318DE /* MMXFlatButton.m in Sources */,
				27A1D93B188F0B8100255231 /* MMXNavigationController.m in Sources */,
				27D391711937867C0041BDB4 /* MMXTopScore.m in Sources */,
				277A1F21192268BC00E09050 /* MMXAudioManager.m in Sources */,
				27B19995190950E400C38E8F /* MMXTimeIntervalFormatter.m in Sources */,
				275500A918AB0DC2008B4DB4 /* MMXCard.m in Sources */,
				271DA31D1901953B00E81154 /* MMXResultsViewController.m in Sources */,
				27A086811893867C00C318DE /* MMXGameViewController.m in Sources */,
				27F3C291192A774E00EB5D59 /* MMXLessonsViewController.m in Sources */,
				27A0867C18930F1200C318DE /* MMXPracticeMenuBetaViewController.m in Sources */,
				279EC24218884A890087E0DB /* MathMatchTests.m in Sources */,
			);
			runOnlyForDeploymentPostprocessing = 0;
		};
/* End PBXSourcesBuildPhase section */

/* Begin PBXTargetDependency section */
		279EC23A18884A890087E0DB /* PBXTargetDependency */ = {
			isa = PBXTargetDependency;
			target = 279EC20618884A890087E0DB /* MathMatch */;
			targetProxy = 279EC23918884A890087E0DB /* PBXContainerItemProxy */;
		};
/* End PBXTargetDependency section */

/* Begin PBXVariantGroup section */
		279EC21518884A890087E0DB /* InfoPlist.strings */ = {
			isa = PBXVariantGroup;
			children = (
				279EC21618884A890087E0DB /* en */,
			);
			name = InfoPlist.strings;
			sourceTree = "<group>";
		};
		279EC21E18884A890087E0DB /* Main_iPhone.storyboard */ = {
			isa = PBXVariantGroup;
			children = (
				279EC21F18884A890087E0DB /* Base */,
			);
			name = Main_iPhone.storyboard;
			sourceTree = "<group>";
		};
		279EC22118884A890087E0DB /* Main_iPad.storyboard */ = {
			isa = PBXVariantGroup;
			children = (
				279EC22218884A890087E0DB /* Base */,
			);
			name = Main_iPad.storyboard;
			sourceTree = "<group>";
		};
		279EC23E18884A890087E0DB /* InfoPlist.strings */ = {
			isa = PBXVariantGroup;
			children = (
				279EC23F18884A890087E0DB /* en */,
			);
			name = InfoPlist.strings;
			sourceTree = "<group>";
		};
/* End PBXVariantGroup section */

/* Begin XCBuildConfiguration section */
		277A1F1B191D9DE500E09050 /* Ad-Hoc */ = {
			isa = XCBuildConfiguration;
			buildSettings = {
				ALWAYS_SEARCH_USER_PATHS = NO;
				ARCHS = "$(ARCHS_STANDARD_INCLUDING_64_BIT)";
				CLANG_CXX_LANGUAGE_STANDARD = "gnu++0x";
				CLANG_CXX_LIBRARY = "libc++";
				CLANG_ENABLE_MODULES = YES;
				CLANG_ENABLE_OBJC_ARC = YES;
				CLANG_WARN_BOOL_CONVERSION = YES;
				CLANG_WARN_CONSTANT_CONVERSION = YES;
				CLANG_WARN_DIRECT_OBJC_ISA_USAGE = YES_ERROR;
				CLANG_WARN_EMPTY_BODY = YES;
				CLANG_WARN_ENUM_CONVERSION = YES;
				CLANG_WARN_INT_CONVERSION = YES;
				CLANG_WARN_OBJC_ROOT_CLASS = YES_ERROR;
				CLANG_WARN__DUPLICATE_METHOD_MATCH = YES;
				"CODE_SIGN_IDENTITY[sdk=iphoneos*]" = "iPhone Developer";
				COPY_PHASE_STRIP = YES;
				ENABLE_NS_ASSERTIONS = NO;
				GCC_C_LANGUAGE_STANDARD = gnu99;
				GCC_WARN_64_TO_32_BIT_CONVERSION = YES;
				GCC_WARN_ABOUT_RETURN_TYPE = YES_ERROR;
				GCC_WARN_UNDECLARED_SELECTOR = YES;
				GCC_WARN_UNINITIALIZED_AUTOS = YES_AGGRESSIVE;
				GCC_WARN_UNUSED_FUNCTION = YES;
				GCC_WARN_UNUSED_VARIABLE = YES;
				IPHONEOS_DEPLOYMENT_TARGET = 7.1;
				SDKROOT = iphoneos;
				TARGETED_DEVICE_FAMILY = "1,2";
				VALIDATE_PRODUCT = YES;
			};
			name = "Ad-Hoc";
		};
		277A1F1C191D9DE500E09050 /* Ad-Hoc */ = {
			isa = XCBuildConfiguration;
			buildSettings = {
				ASSETCATALOG_COMPILER_APPICON_NAME = AppIcon;
				ASSETCATALOG_COMPILER_LAUNCHIMAGE_NAME = LaunchImage;
				CODE_SIGN_IDENTITY = "iPhone Developer";
				"CODE_SIGN_IDENTITY[sdk=iphoneos*]" = "iPhone Distribution: Kyle OBrien (4R42LNL6YL)";
				GCC_PRECOMPILE_PREFIX_HEADER = YES;
				GCC_PREFIX_HEADER = "MathMatch/MathMatch-Prefix.pch";
				GCC_WARN_ABOUT_MISSING_NEWLINE = YES;
				INFOPLIST_FILE = "MathMatch/MathMatch-Info.plist";
				IPHONEOS_DEPLOYMENT_TARGET = 7.0;
				PRODUCT_NAME = "$(TARGET_NAME)";
				PROVISIONING_PROFILE = "F4AF046B-6E5D-4D32-A0EC-76CED942C96C";
				WRAPPER_EXTENSION = app;
			};
			name = "Ad-Hoc";
		};
		277A1F1D191D9DE500E09050 /* Ad-Hoc */ = {
			isa = XCBuildConfiguration;
			buildSettings = {
				ARCHS = "$(ARCHS_STANDARD_INCLUDING_64_BIT)";
				BUNDLE_LOADER = "$(BUILT_PRODUCTS_DIR)/MathMatch.app/MathMatch";
				FRAMEWORK_SEARCH_PATHS = (
					"$(SDKROOT)/Developer/Library/Frameworks",
					"$(inherited)",
					"$(DEVELOPER_FRAMEWORKS_DIR)",
				);
				GCC_PRECOMPILE_PREFIX_HEADER = YES;
				GCC_PREFIX_HEADER = "MathMatch/MathMatch-Prefix.pch";
				INFOPLIST_FILE = "MathMatchTests/MathMatchTests-Info.plist";
				PRODUCT_NAME = "$(TARGET_NAME)";
				TEST_HOST = "$(BUNDLE_LOADER)";
				WRAPPER_EXTENSION = xctest;
			};
			name = "Ad-Hoc";
		};
		279EC24318884A890087E0DB /* Debug */ = {
			isa = XCBuildConfiguration;
			buildSettings = {
				ALWAYS_SEARCH_USER_PATHS = NO;
				ARCHS = "$(ARCHS_STANDARD_INCLUDING_64_BIT)";
				CLANG_CXX_LANGUAGE_STANDARD = "gnu++0x";
				CLANG_CXX_LIBRARY = "libc++";
				CLANG_ENABLE_MODULES = YES;
				CLANG_ENABLE_OBJC_ARC = YES;
				CLANG_WARN_BOOL_CONVERSION = YES;
				CLANG_WARN_CONSTANT_CONVERSION = YES;
				CLANG_WARN_DIRECT_OBJC_ISA_USAGE = YES_ERROR;
				CLANG_WARN_EMPTY_BODY = YES;
				CLANG_WARN_ENUM_CONVERSION = YES;
				CLANG_WARN_INT_CONVERSION = YES;
				CLANG_WARN_OBJC_ROOT_CLASS = YES_ERROR;
				CLANG_WARN__DUPLICATE_METHOD_MATCH = YES;
				"CODE_SIGN_IDENTITY[sdk=iphoneos*]" = "iPhone Developer";
				COPY_PHASE_STRIP = NO;
				GCC_C_LANGUAGE_STANDARD = gnu99;
				GCC_DYNAMIC_NO_PIC = NO;
				GCC_OPTIMIZATION_LEVEL = 0;
				GCC_PREPROCESSOR_DEFINITIONS = (
					"DEBUG=1",
					"$(inherited)",
				);
				GCC_SYMBOLS_PRIVATE_EXTERN = NO;
				GCC_WARN_64_TO_32_BIT_CONVERSION = YES;
				GCC_WARN_ABOUT_RETURN_TYPE = YES_ERROR;
				GCC_WARN_UNDECLARED_SELECTOR = YES;
				GCC_WARN_UNINITIALIZED_AUTOS = YES_AGGRESSIVE;
				GCC_WARN_UNUSED_FUNCTION = YES;
				GCC_WARN_UNUSED_VARIABLE = YES;
				IPHONEOS_DEPLOYMENT_TARGET = 7.1;
				ONLY_ACTIVE_ARCH = YES;
				SDKROOT = iphoneos;
				TARGETED_DEVICE_FAMILY = "1,2";
			};
			name = Debug;
		};
		279EC24418884A890087E0DB /* Release */ = {
			isa = XCBuildConfiguration;
			buildSettings = {
				ALWAYS_SEARCH_USER_PATHS = NO;
				ARCHS = "$(ARCHS_STANDARD_INCLUDING_64_BIT)";
				CLANG_CXX_LANGUAGE_STANDARD = "gnu++0x";
				CLANG_CXX_LIBRARY = "libc++";
				CLANG_ENABLE_MODULES = YES;
				CLANG_ENABLE_OBJC_ARC = YES;
				CLANG_WARN_BOOL_CONVERSION = YES;
				CLANG_WARN_CONSTANT_CONVERSION = YES;
				CLANG_WARN_DIRECT_OBJC_ISA_USAGE = YES_ERROR;
				CLANG_WARN_EMPTY_BODY = YES;
				CLANG_WARN_ENUM_CONVERSION = YES;
				CLANG_WARN_INT_CONVERSION = YES;
				CLANG_WARN_OBJC_ROOT_CLASS = YES_ERROR;
				CLANG_WARN__DUPLICATE_METHOD_MATCH = YES;
				"CODE_SIGN_IDENTITY[sdk=iphoneos*]" = "iPhone Developer";
				COPY_PHASE_STRIP = YES;
				ENABLE_NS_ASSERTIONS = NO;
				GCC_C_LANGUAGE_STANDARD = gnu99;
				GCC_WARN_64_TO_32_BIT_CONVERSION = YES;
				GCC_WARN_ABOUT_RETURN_TYPE = YES_ERROR;
				GCC_WARN_UNDECLARED_SELECTOR = YES;
				GCC_WARN_UNINITIALIZED_AUTOS = YES_AGGRESSIVE;
				GCC_WARN_UNUSED_FUNCTION = YES;
				GCC_WARN_UNUSED_VARIABLE = YES;
				IPHONEOS_DEPLOYMENT_TARGET = 7.1;
				SDKROOT = iphoneos;
				TARGETED_DEVICE_FAMILY = "1,2";
				VALIDATE_PRODUCT = YES;
			};
			name = Release;
		};
		279EC24618884A890087E0DB /* Debug */ = {
			isa = XCBuildConfiguration;
			buildSettings = {
				ASSETCATALOG_COMPILER_APPICON_NAME = AppIcon;
				ASSETCATALOG_COMPILER_LAUNCHIMAGE_NAME = LaunchImage;
				CODE_SIGN_IDENTITY = "iPhone Developer";
				"CODE_SIGN_IDENTITY[sdk=iphoneos*]" = "iPhone Developer: Kyle OBrien (TUFTY9CEC3)";
				GCC_PRECOMPILE_PREFIX_HEADER = YES;
				GCC_PREFIX_HEADER = "MathMatch/MathMatch-Prefix.pch";
				GCC_WARN_ABOUT_MISSING_NEWLINE = YES;
				INFOPLIST_FILE = "MathMatch/MathMatch-Info.plist";
				IPHONEOS_DEPLOYMENT_TARGET = 7.0;
				PRODUCT_NAME = "$(TARGET_NAME)";
				PROVISIONING_PROFILE = "6A4571BC-0363-46B1-ADF6-21F4D6267AB6";
				WRAPPER_EXTENSION = app;
			};
			name = Debug;
		};
		279EC24718884A890087E0DB /* Release */ = {
			isa = XCBuildConfiguration;
			buildSettings = {
				ASSETCATALOG_COMPILER_APPICON_NAME = AppIcon;
				ASSETCATALOG_COMPILER_LAUNCHIMAGE_NAME = LaunchImage;
				CODE_SIGN_IDENTITY = "iPhone Developer";
				"CODE_SIGN_IDENTITY[sdk=iphoneos*]" = "iPhone Developer";
				GCC_PRECOMPILE_PREFIX_HEADER = YES;
				GCC_PREFIX_HEADER = "MathMatch/MathMatch-Prefix.pch";
				GCC_WARN_ABOUT_MISSING_NEWLINE = YES;
				INFOPLIST_FILE = "MathMatch/MathMatch-Info.plist";
				IPHONEOS_DEPLOYMENT_TARGET = 7.0;
				PRODUCT_NAME = "$(TARGET_NAME)";
				PROVISIONING_PROFILE = "";
				WRAPPER_EXTENSION = app;
			};
			name = Release;
		};
		279EC24918884A890087E0DB /* Debug */ = {
			isa = XCBuildConfiguration;
			buildSettings = {
				ARCHS = "$(ARCHS_STANDARD_INCLUDING_64_BIT)";
				BUNDLE_LOADER = "$(BUILT_PRODUCTS_DIR)/MathMatch.app/MathMatch";
				FRAMEWORK_SEARCH_PATHS = (
					"$(SDKROOT)/Developer/Library/Frameworks",
					"$(inherited)",
					"$(DEVELOPER_FRAMEWORKS_DIR)",
				);
				GCC_PRECOMPILE_PREFIX_HEADER = YES;
				GCC_PREFIX_HEADER = "MathMatch/MathMatch-Prefix.pch";
				GCC_PREPROCESSOR_DEFINITIONS = (
					"DEBUG=1",
					"$(inherited)",
				);
				INFOPLIST_FILE = "MathMatchTests/MathMatchTests-Info.plist";
				PRODUCT_NAME = "$(TARGET_NAME)";
				TEST_HOST = "$(BUNDLE_LOADER)";
				WRAPPER_EXTENSION = xctest;
			};
			name = Debug;
		};
		279EC24A18884A890087E0DB /* Release */ = {
			isa = XCBuildConfiguration;
			buildSettings = {
				ARCHS = "$(ARCHS_STANDARD_INCLUDING_64_BIT)";
				BUNDLE_LOADER = "$(BUILT_PRODUCTS_DIR)/MathMatch.app/MathMatch";
				FRAMEWORK_SEARCH_PATHS = (
					"$(SDKROOT)/Developer/Library/Frameworks",
					"$(inherited)",
					"$(DEVELOPER_FRAMEWORKS_DIR)",
				);
				GCC_PRECOMPILE_PREFIX_HEADER = YES;
				GCC_PREFIX_HEADER = "MathMatch/MathMatch-Prefix.pch";
				INFOPLIST_FILE = "MathMatchTests/MathMatchTests-Info.plist";
				PRODUCT_NAME = "$(TARGET_NAME)";
				TEST_HOST = "$(BUNDLE_LOADER)";
				WRAPPER_EXTENSION = xctest;
			};
			name = Release;
		};
/* End XCBuildConfiguration section */

/* Begin XCConfigurationList section */
		279EC20218884A890087E0DB /* Build configuration list for PBXProject "MathMatch" */ = {
			isa = XCConfigurationList;
			buildConfigurations = (
				279EC24318884A890087E0DB /* Debug */,
				279EC24418884A890087E0DB /* Release */,
				277A1F1B191D9DE500E09050 /* Ad-Hoc */,
			);
			defaultConfigurationIsVisible = 0;
			defaultConfigurationName = Release;
		};
		279EC24518884A890087E0DB /* Build configuration list for PBXNativeTarget "MathMatch" */ = {
			isa = XCConfigurationList;
			buildConfigurations = (
				279EC24618884A890087E0DB /* Debug */,
				279EC24718884A890087E0DB /* Release */,
				277A1F1C191D9DE500E09050 /* Ad-Hoc */,
			);
			defaultConfigurationIsVisible = 0;
			defaultConfigurationName = Release;
		};
		279EC24818884A890087E0DB /* Build configuration list for PBXNativeTarget "MathMatchTests" */ = {
			isa = XCConfigurationList;
			buildConfigurations = (
				279EC24918884A890087E0DB /* Debug */,
				279EC24A18884A890087E0DB /* Release */,
				277A1F1D191D9DE500E09050 /* Ad-Hoc */,
			);
			defaultConfigurationIsVisible = 0;
			defaultConfigurationName = Release;
		};
/* End XCConfigurationList section */

/* Begin XCVersionGroup section */
		279EC22418884A890087E0DB /* MathMatch.xcdatamodeld */ = {
			isa = XCVersionGroup;
			children = (
				279EC22518884A890087E0DB /* MathMatch.xcdatamodel */,
			);
			currentVersion = 279EC22518884A890087E0DB /* MathMatch.xcdatamodel */;
			path = MathMatch.xcdatamodeld;
			sourceTree = "<group>";
			versionGroupType = wrapper.xcdatamodel;
		};
/* End XCVersionGroup section */
	};
	rootObject = 279EC1FF18884A890087E0DB /* Project object */;
}
